// !$*UTF8*$!
{
	archiveVersion = 1;
	classes = {
	};
	objectVersion = 46;
	objects = {

/* Begin PBXBuildFile section */
		23E3A8B3A240BB08505CF9E6 /* Pods_MTLLinkLabelExample.framework in Frameworks */ = {isa = PBXBuildFile; fileRef = E2DD9A43AA4E5DF4703DAFEB /* Pods_MTLLinkLabelExample.framework */; };
		E929F01E1BC5303400BFAD6B /* AppDelegate.swift in Sources */ = {isa = PBXBuildFile; fileRef = E929F01D1BC5303400BFAD6B /* AppDelegate.swift */; };
		E929F0231BC5303400BFAD6B /* Main.storyboard in Resources */ = {isa = PBXBuildFile; fileRef = E929F0211BC5303400BFAD6B /* Main.storyboard */; };
		E929F0251BC5303400BFAD6B /* Assets.xcassets in Resources */ = {isa = PBXBuildFile; fileRef = E929F0241BC5303400BFAD6B /* Assets.xcassets */; };
		E929F0281BC5303400BFAD6B /* LaunchScreen.storyboard in Resources */ = {isa = PBXBuildFile; fileRef = E929F0261BC5303400BFAD6B /* LaunchScreen.storyboard */; };
		E9762F5A1BC8F98E00A88D6A /* TableViewController.swift in Sources */ = {isa = PBXBuildFile; fileRef = E9762F591BC8F98E00A88D6A /* TableViewController.swift */; };
		E9762F5E1BC8FA8800A88D6A /* TableViewCell.swift in Sources */ = {isa = PBXBuildFile; fileRef = E9762F5D1BC8FA8800A88D6A /* TableViewCell.swift */; };
/* End PBXBuildFile section */

/* Begin PBXFileReference section */
		416B496706E705E6AED3B13B /* Pods-MTLLinkLabelExample.debug.xcconfig */ = {isa = PBXFileReference; includeInIndex = 1; lastKnownFileType = text.xcconfig; name = "Pods-MTLLinkLabelExample.debug.xcconfig"; path = "Pods/Target Support Files/Pods-MTLLinkLabelExample/Pods-MTLLinkLabelExample.debug.xcconfig"; sourceTree = "<group>"; };
		9EDB0C12F58BEDFAC258EAF4 /* Pods-MTLLinkLabelExample.release.xcconfig */ = {isa = PBXFileReference; includeInIndex = 1; lastKnownFileType = text.xcconfig; name = "Pods-MTLLinkLabelExample.release.xcconfig"; path = "Pods/Target Support Files/Pods-MTLLinkLabelExample/Pods-MTLLinkLabelExample.release.xcconfig"; sourceTree = "<group>"; };
		E2DD9A43AA4E5DF4703DAFEB /* Pods_MTLLinkLabelExample.framework */ = {isa = PBXFileReference; explicitFileType = wrapper.framework; includeInIndex = 0; path = Pods_MTLLinkLabelExample.framework; sourceTree = BUILT_PRODUCTS_DIR; };
		E929F01A1BC5303400BFAD6B /* MTLLinkLabelExample.app */ = {isa = PBXFileReference; explicitFileType = wrapper.application; includeInIndex = 0; path = MTLLinkLabelExample.app; sourceTree = BUILT_PRODUCTS_DIR; };
		E929F01D1BC5303400BFAD6B /* AppDelegate.swift */ = {isa = PBXFileReference; lastKnownFileType = sourcecode.swift; path = AppDelegate.swift; sourceTree = "<group>"; };
		E929F0221BC5303400BFAD6B /* Base */ = {isa = PBXFileReference; lastKnownFileType = file.storyboard; name = Base; path = Base.lproj/Main.storyboard; sourceTree = "<group>"; };
		E929F0241BC5303400BFAD6B /* Assets.xcassets */ = {isa = PBXFileReference; lastKnownFileType = folder.assetcatalog; path = Assets.xcassets; sourceTree = "<group>"; };
		E929F0271BC5303400BFAD6B /* Base */ = {isa = PBXFileReference; lastKnownFileType = file.storyboard; name = Base; path = Base.lproj/LaunchScreen.storyboard; sourceTree = "<group>"; };
		E929F0291BC5303400BFAD6B /* Info.plist */ = {isa = PBXFileReference; lastKnownFileType = text.plist.xml; path = Info.plist; sourceTree = "<group>"; };
		E9762F591BC8F98E00A88D6A /* TableViewController.swift */ = {isa = PBXFileReference; fileEncoding = 4; lastKnownFileType = sourcecode.swift; path = TableViewController.swift; sourceTree = "<group>"; };
		E9762F5D1BC8FA8800A88D6A /* TableViewCell.swift */ = {isa = PBXFileReference; fileEncoding = 4; lastKnownFileType = sourcecode.swift; path = TableViewCell.swift; sourceTree = "<group>"; };
/* End PBXFileReference section */

/* Begin PBXFrameworksBuildPhase section */
		E929F0171BC5303400BFAD6B /* Frameworks */ = {
			isa = PBXFrameworksBuildPhase;
			buildActionMask = 2147483647;
			files = (
				23E3A8B3A240BB08505CF9E6 /* Pods_MTLLinkLabelExample.framework in Frameworks */,
			);
			runOnlyForDeploymentPostprocessing = 0;
		};
/* End PBXFrameworksBuildPhase section */

/* Begin PBXGroup section */
		970ECCB9AF1C8C417B816905 /* Frameworks */ = {
			isa = PBXGroup;
			children = (
				E2DD9A43AA4E5DF4703DAFEB /* Pods_MTLLinkLabelExample.framework */,
			);
			name = Frameworks;
			sourceTree = "<group>";
		};
		E4DEB085171BD0EABA32B8A9 /* Pods */ = {
			isa = PBXGroup;
			children = (
				416B496706E705E6AED3B13B /* Pods-MTLLinkLabelExample.debug.xcconfig */,
				9EDB0C12F58BEDFAC258EAF4 /* Pods-MTLLinkLabelExample.release.xcconfig */,
			);
			name = Pods;
			sourceTree = "<group>";
		};
		E929F0111BC5303400BFAD6B = {
			isa = PBXGroup;
			children = (
				E929F01C1BC5303400BFAD6B /* MTLLinkLabelExample */,
				E929F01B1BC5303400BFAD6B /* Products */,
				E4DEB085171BD0EABA32B8A9 /* Pods */,
				970ECCB9AF1C8C417B816905 /* Frameworks */,
			);
			sourceTree = "<group>";
		};
		E929F01B1BC5303400BFAD6B /* Products */ = {
			isa = PBXGroup;
			children = (
				E929F01A1BC5303400BFAD6B /* MTLLinkLabelExample.app */,
			);
			name = Products;
			sourceTree = "<group>";
		};
		E929F01C1BC5303400BFAD6B /* MTLLinkLabelExample */ = {
			isa = PBXGroup;
			children = (
				E929F01D1BC5303400BFAD6B /* AppDelegate.swift */,
				E9762F591BC8F98E00A88D6A /* TableViewController.swift */,
				E9762F5D1BC8FA8800A88D6A /* TableViewCell.swift */,
				E929F0211BC5303400BFAD6B /* Main.storyboard */,
				E929F0241BC5303400BFAD6B /* Assets.xcassets */,
				E929F0261BC5303400BFAD6B /* LaunchScreen.storyboard */,
				E929F0291BC5303400BFAD6B /* Info.plist */,
			);
			path = MTLLinkLabelExample;
			sourceTree = "<group>";
		};
/* End PBXGroup section */

/* Begin PBXNativeTarget section */
		E929F0191BC5303400BFAD6B /* MTLLinkLabelExample */ = {
			isa = PBXNativeTarget;
			buildConfigurationList = E929F0421BC5303400BFAD6B /* Build configuration list for PBXNativeTarget "MTLLinkLabelExample" */;
			buildPhases = (
				67168CA2FDB87584007397A8 /* [CP] Check Pods Manifest.lock */,
				E929F0161BC5303400BFAD6B /* Sources */,
				E929F0171BC5303400BFAD6B /* Frameworks */,
				E929F0181BC5303400BFAD6B /* Resources */,
				A6ECA0835BD3F0DD4FBC71B1 /* [CP] Embed Pods Frameworks */,
				54C20177DB02A32465CBAA4F /* [CP] Copy Pods Resources */,
				D9525E4E0047F1790B7331F8 /* Embed Pods Frameworks */,
			);
			buildRules = (
			);
			dependencies = (
			);
			name = MTLLinkLabelExample;
			productName = MTLLinkLabelExample;
			productReference = E929F01A1BC5303400BFAD6B /* MTLLinkLabelExample.app */;
			productType = "com.apple.product-type.application";
		};
/* End PBXNativeTarget section */

/* Begin PBXProject section */
		E929F0121BC5303400BFAD6B /* Project object */ = {
			isa = PBXProject;
			attributes = {
				LastUpgradeCheck = 0700;
				ORGANIZATIONNAME = MTL;
				TargetAttributes = {
					E929F0191BC5303400BFAD6B = {
						CreatedOnToolsVersion = 7.0.1;
					};
				};
			};
			buildConfigurationList = E929F0151BC5303400BFAD6B /* Build configuration list for PBXProject "MTLLinkLabelExample" */;
			compatibilityVersion = "Xcode 3.2";
			developmentRegion = English;
			hasScannedForEncodings = 0;
			knownRegions = (
				en,
				Base,
			);
			mainGroup = E929F0111BC5303400BFAD6B;
			productRefGroup = E929F01B1BC5303400BFAD6B /* Products */;
			projectDirPath = "";
			projectRoot = "";
			targets = (
				E929F0191BC5303400BFAD6B /* MTLLinkLabelExample */,
			);
		};
/* End PBXProject section */

/* Begin PBXResourcesBuildPhase section */
		E929F0181BC5303400BFAD6B /* Resources */ = {
			isa = PBXResourcesBuildPhase;
			buildActionMask = 2147483647;
			files = (
				E929F0281BC5303400BFAD6B /* LaunchScreen.storyboard in Resources */,
				E929F0251BC5303400BFAD6B /* Assets.xcassets in Resources */,
				E929F0231BC5303400BFAD6B /* Main.storyboard in Resources */,
			);
			runOnlyForDeploymentPostprocessing = 0;
		};
/* End PBXResourcesBuildPhase section */

/* Begin PBXShellScriptBuildPhase section */
		54C20177DB02A32465CBAA4F /* [CP] Copy Pods Resources */ = {
			isa = PBXShellScriptBuildPhase;
			buildActionMask = 2147483647;
			files = (
			);
			inputPaths = (
			);
			name = "[CP] Copy Pods Resources";
			outputPaths = (
			);
			runOnlyForDeploymentPostprocessing = 0;
			shellPath = /bin/sh;
			shellScript = "\"${SRCROOT}/Pods/Target Support Files/Pods-MTLLinkLabelExample/Pods-MTLLinkLabelExample-resources.sh\"\n";
			showEnvVarsInLog = 0;
		};
		67168CA2FDB87584007397A8 /* [CP] Check Pods Manifest.lock */ = {
			isa = PBXShellScriptBuildPhase;
			buildActionMask = 2147483647;
			files = (
			);
			inputPaths = (
				"${PODS_PODFILE_DIR_PATH}/Podfile.lock",
				"${PODS_ROOT}/Manifest.lock",
			);
			name = "[CP] Check Pods Manifest.lock";
			outputPaths = (
				"$(DERIVED_FILE_DIR)/Pods-MTLLinkLabelExample-checkManifestLockResult.txt",
			);
			runOnlyForDeploymentPostprocessing = 0;
			shellPath = /bin/sh;
			shellScript = "diff \"${PODS_PODFILE_DIR_PATH}/Podfile.lock\" \"${PODS_ROOT}/Manifest.lock\" > /dev/null\nif [ $? != 0 ] ; then\n    # print error to STDERR\n    echo \"error: The sandbox is not in sync with the Podfile.lock. Run 'pod install' or update your CocoaPods installation.\" >&2\n    exit 1\nfi\n# This output is used by Xcode 'outputs' to avoid re-running this script phase.\necho \"SUCCESS\" > \"${SCRIPT_OUTPUT_FILE_0}\"\n";
			showEnvVarsInLog = 0;
		};
		A6ECA0835BD3F0DD4FBC71B1 /* [CP] Embed Pods Frameworks */ = {
			isa = PBXShellScriptBuildPhase;
			buildActionMask = 2147483647;
			files = (
			);
			inputPaths = (
				"${SRCROOT}/Pods/Target Support Files/Pods-MTLLinkLabelExample/Pods-MTLLinkLabelExample-frameworks.sh",
				"${BUILT_PRODUCTS_DIR}/MTLLinkLabel/MTLLinkLabel.framework",
			);
			name = "[CP] Embed Pods Frameworks";
			outputPaths = (
				"${TARGET_BUILD_DIR}/${FRAMEWORKS_FOLDER_PATH}/MTLLinkLabel.framework",
			);
			runOnlyForDeploymentPostprocessing = 0;
			shellPath = /bin/sh;
			shellScript = "\"${SRCROOT}/Pods/Target Support Files/Pods-MTLLinkLabelExample/Pods-MTLLinkLabelExample-frameworks.sh\"\n";
			showEnvVarsInLog = 0;
		};
		D9525E4E0047F1790B7331F8 /* Embed Pods Frameworks */ = {
			isa = PBXShellScriptBuildPhase;
			buildActionMask = 2147483647;
			files = (
			);
			inputPaths = (
			);
			name = "Embed Pods Frameworks";
			outputPaths = (
			);
			runOnlyForDeploymentPostprocessing = 0;
			shellPath = /bin/sh;
			shellScript = "\"${SRCROOT}/Pods/Target Support Files/Pods-MTLLinkLabelExample/Pods-MTLLinkLabelExample-frameworks.sh\"\n";
			showEnvVarsInLog = 0;
		};
/* End PBXShellScriptBuildPhase section */

/* Begin PBXSourcesBuildPhase section */
		E929F0161BC5303400BFAD6B /* Sources */ = {
			isa = PBXSourcesBuildPhase;
			buildActionMask = 2147483647;
			files = (
				E9762F5E1BC8FA8800A88D6A /* TableViewCell.swift in Sources */,
				E9762F5A1BC8F98E00A88D6A /* TableViewController.swift in Sources */,
				E929F01E1BC5303400BFAD6B /* AppDelegate.swift in Sources */,
			);
			runOnlyForDeploymentPostprocessing = 0;
		};
/* End PBXSourcesBuildPhase section */

/* Begin PBXVariantGroup section */
		E929F0211BC5303400BFAD6B /* Main.storyboard */ = {
			isa = PBXVariantGroup;
			children = (
				E929F0221BC5303400BFAD6B /* Base */,
			);
			name = Main.storyboard;
			sourceTree = "<group>";
		};
		E929F0261BC5303400BFAD6B /* LaunchScreen.storyboard */ = {
			isa = PBXVariantGroup;
			children = (
				E929F0271BC5303400BFAD6B /* Base */,
			);
			name = LaunchScreen.storyboard;
			sourceTree = "<group>";
		};
/* End PBXVariantGroup section */

/* Begin XCBuildConfiguration section */
		E929F0401BC5303400BFAD6B /* Debug */ = {
			isa = XCBuildConfiguration;
			buildSettings = {
				ALWAYS_SEARCH_USER_PATHS = NO;
				CLANG_CXX_LANGUAGE_STANDARD = "gnu++0x";
				CLANG_CXX_LIBRARY = "libc++";
				CLANG_ENABLE_MODULES = YES;
				CLANG_ENABLE_OBJC_ARC = YES;
				CLANG_WARN_BOOL_CONVERSION = YES;
				CLANG_WARN_CONSTANT_CONVERSION = YES;
				CLANG_WARN_DIRECT_OBJC_ISA_USAGE = YES_ERROR;
				CLANG_WARN_EMPTY_BODY = YES;
				CLANG_WARN_ENUM_CONVERSION = YES;
				CLANG_WARN_INT_CONVERSION = YES;
				CLANG_WARN_OBJC_ROOT_CLASS = YES_ERROR;
				CLANG_WARN_UNREACHABLE_CODE = YES;
				CLANG_WARN__DUPLICATE_METHOD_MATCH = YES;
				"CODE_SIGN_IDENTITY[sdk=iphoneos*]" = "iPhone Developer";
				COPY_PHASE_STRIP = NO;
				DEBUG_INFORMATION_FORMAT = dwarf;
				ENABLE_STRICT_OBJC_MSGSEND = YES;
				ENABLE_TESTABILITY = YES;
				GCC_C_LANGUAGE_STANDARD = gnu99;
				GCC_DYNAMIC_NO_PIC = NO;
				GCC_NO_COMMON_BLOCKS = YES;
				GCC_OPTIMIZATION_LEVEL = 0;
				GCC_PREPROCESSOR_DEFINITIONS = (
					"DEBUG=1",
					"$(inherited)",
				);
				GCC_WARN_64_TO_32_BIT_CONVERSION = YES;
				GCC_WARN_ABOUT_RETURN_TYPE = YES_ERROR;
				GCC_WARN_UNDECLARED_SELECTOR = YES;
				GCC_WARN_UNINITIALIZED_AUTOS = YES_AGGRESSIVE;
				GCC_WARN_UNUSED_FUNCTION = YES;
				GCC_WARN_UNUSED_VARIABLE = YES;
				IPHONEOS_DEPLOYMENT_TARGET = 9.0;
				MTL_ENABLE_DEBUG_INFO = YES;
				ONLY_ACTIVE_ARCH = YES;
				SDKROOT = iphoneos;
				SWIFT_OPTIMIZATION_LEVEL = "-Onone";
				TARGETED_DEVICE_FAMILY = "1,2";
			};
			name = Debug;
		};
		E929F0411BC5303400BFAD6B /* Release */ = {
			isa = XCBuildConfiguration;
			buildSettings = {
				ALWAYS_SEARCH_USER_PATHS = NO;
				CLANG_CXX_LANGUAGE_STANDARD = "gnu++0x";
				CLANG_CXX_LIBRARY = "libc++";
				CLANG_ENABLE_MODULES = YES;
				CLANG_ENABLE_OBJC_ARC = YES;
				CLANG_WARN_BOOL_CONVERSION = YES;
				CLANG_WARN_CONSTANT_CONVERSION = YES;
				CLANG_WARN_DIRECT_OBJC_ISA_USAGE = YES_ERROR;
				CLANG_WARN_EMPTY_BODY = YES;
				CLANG_WARN_ENUM_CONVERSION = YES;
				CLANG_WARN_INT_CONVERSION = YES;
				CLANG_WARN_OBJC_ROOT_CLASS = YES_ERROR;
				CLANG_WARN_UNREACHABLE_CODE = YES;
				CLANG_WARN__DUPLICATE_METHOD_MATCH = YES;
				"CODE_SIGN_IDENTITY[sdk=iphoneos*]" = "iPhone Developer";
				COPY_PHASE_STRIP = NO;
				DEBUG_INFORMATION_FORMAT = "dwarf-with-dsym";
				ENABLE_NS_ASSERTIONS = NO;
				ENABLE_STRICT_OBJC_MSGSEND = YES;
				GCC_C_LANGUAGE_STANDARD = gnu99;
				GCC_NO_COMMON_BLOCKS = YES;
				GCC_WARN_64_TO_32_BIT_CONVERSION = YES;
				GCC_WARN_ABOUT_RETURN_TYPE = YES_ERROR;
				GCC_WARN_UNDECLARED_SELECTOR = YES;
				GCC_WARN_UNINITIALIZED_AUTOS = YES_AGGRESSIVE;
				GCC_WARN_UNUSED_FUNCTION = YES;
				GCC_WARN_UNUSED_VARIABLE = YES;
				IPHONEOS_DEPLOYMENT_TARGET = 9.0;
				MTL_ENABLE_DEBUG_INFO = NO;
				SDKROOT = iphoneos;
				TARGETED_DEVICE_FAMILY = "1,2";
				VALIDATE_PRODUCT = YES;
			};
			name = Release;
		};
		E929F0431BC5303400BFAD6B /* Debug */ = {
			isa = XCBuildConfiguration;
			baseConfigurationReference = 416B496706E705E6AED3B13B /* Pods-MTLLinkLabelExample.debug.xcconfig */;
			buildSettings = {
				ASSETCATALOG_COMPILER_APPICON_NAME = AppIcon;
				INFOPLIST_FILE = MTLLinkLabelExample/Info.plist;
				IPHONEOS_DEPLOYMENT_TARGET = 8.0;
				LD_RUNPATH_SEARCH_PATHS = "$(inherited) @executable_path/Frameworks";
				PRODUCT_BUNDLE_IDENTIFIER = jp.co.recruit.mtl.MTLLinkLabelExample;
				PRODUCT_NAME = "$(TARGET_NAME)";
				SWIFT_VERSION = 4.0;
			};
			name = Debug;
		};
		E929F0441BC5303400BFAD6B /* Release */ = {
			isa = XCBuildConfiguration;
			baseConfigurationReference = 9EDB0C12F58BEDFAC258EAF4 /* Pods-MTLLinkLabelExample.release.xcconfig */;
			buildSettings = {
				ASSETCATALOG_COMPILER_APPICON_NAME = AppIcon;
				INFOPLIST_FILE = MTLLinkLabelExample/Info.plist;
				IPHONEOS_DEPLOYMENT_TARGET = 8.0;
				LD_RUNPATH_SEARCH_PATHS = "$(inherited) @executable_path/Frameworks";
				PRODUCT_BUNDLE_IDENTIFIER = jp.co.recruit.mtl.MTLLinkLabelExample;
				PRODUCT_NAME = "$(TARGET_NAME)";
				SWIFT_VERSION = 4.0;
			};
			name = Release;
		};
/* End XCBuildConfiguration section */

/* Begin XCConfigurationList section */
		E929F0151BC5303400BFAD6B /* Build configuration list for PBXProject "MTLLinkLabelExample" */ = {
			isa = XCConfigurationList;
			buildConfigurations = (
				E929F0401BC5303400BFAD6B /* Debug */,
				E929F0411BC5303400BFAD6B /* Release */,
			);
			defaultConfigurationIsVisible = 0;
			defaultConfigurationName = Release;
		};
		E929F0421BC5303400BFAD6B /* Build configuration list for PBXNativeTarget "MTLLinkLabelExample" */ = {
			isa = XCConfigurationList;
			buildConfigurations = (
				E929F0431BC5303400BFAD6B /* Debug */,
				E929F0441BC5303400BFAD6B /* Release */,
			);
			defaultConfigurationIsVisible = 0;
			defaultConfigurationName = Release;
		};
/* End XCConfigurationList section */
	};
	rootObject = E929F0121BC5303400BFAD6B /* Project object */;
}
